
Microsoft Visual Studio Solution File, Format Version 12.00
# Visual Studio Version 17
VisualStudioVersion = 17.1.32319.34
MinimumVisualStudioVersion = 10.0.40219.1
Project("{FAE04EC0-301F-11D3-BF4B-00C04F79EFBC}") = "Proyecto_ASPNETCoreWebApi", "Proyecto_ASPNETCoreWebApi\Proyecto_ASPNETCoreWebApi.csproj", "{9DAC95F1-A11A-4FC4-B561-65592CDBE70E}"
EndProject
Global
	GlobalSection(SolutionConfigurationPlatforms) = preSolution
		Debug|Any CPU = Debug|Any CPU
		Release|Any CPU = Release|Any CPU
	EndGlobalSection
	GlobalSection(ProjectConfigurationPlatforms) = postSolution
		{9DAC95F1-A11A-4FC4-B561-65592CDBE70E}.Debug|Any CPU.ActiveCfg = Debug|Any CPU
		{9DAC95F1-A11A-4FC4-B561-65592CDBE70E}.Debug|Any CPU.Build.0 = Debug|Any CPU
		{9DAC95F1-A11A-4FC4-B561-65592CDBE70E}.Release|Any CPU.ActiveCfg = Release|Any CPU
		{9DAC95F1-A11A-4FC4-B561-65592CDBE70E}.Release|Any CPU.Build.0 = Release|Any CPU
	EndGlobalSection
	GlobalSection(SolutionProperties) = preSolution
		HideSolutionNode = FALSE
	EndGlobalSection
	GlobalSection(ExtensibilityGlobals) = postSolution
		SolutionGuid = {B09F2EAD-7EED-4542-BE66-51E0E60387AF}
	EndGlobalSection
EndGlobal
